
Microsoft Visual Studio Solution File, Format Version 12.00
# Visual Studio Version 16
VisualStudioVersion = 16.0.30804.86
MinimumVisualStudioVersion = 10.0.40219.1
Project("{9A19103F-16F7-4668-BE54-9A1E7A4F7556}") = "ServerUpload7.WEB", "ServerUpload7.WEB\ServerUpload7.WEB.csproj", "{9439EF0B-A240-4034-B40D-61228E49B184}"
EndProject
Project("{9A19103F-16F7-4668-BE54-9A1E7A4F7556}") = "ServerUpload7.DAL", "ServerUpload7.DAL\ServerUpload7.DAL.csproj", "{7BAB5655-E240-4629-9E78-ED2CF1747222}"
EndProject
Project("{9A19103F-16F7-4668-BE54-9A1E7A4F7556}") = "ServerUpload7.BLL", "ServerUpload7.BLL\ServerUpload7.BLL.csproj", "{E999837E-1E77-49D8-A50F-E578CB8E4672}"
EndProject
Project("{FAE04EC0-301F-11D3-BF4B-00C04F79EFBC}") = "ServerUpload7.Tests", "ServerUpload7.Tests\ServerUpload7.Tests.csproj", "{FC46FC4C-A95B-484F-B1E2-AE2330B1ADE1}"
EndProject
Global
	GlobalSection(SolutionConfigurationPlatforms) = preSolution
		Debug|Any CPU = Debug|Any CPU
		Release|Any CPU = Release|Any CPU
	EndGlobalSection
	GlobalSection(ProjectConfigurationPlatforms) = postSolution
		{9439EF0B-A240-4034-B40D-61228E49B184}.Debug|Any CPU.ActiveCfg = Debug|Any CPU
		{9439EF0B-A240-4034-B40D-61228E49B184}.Debug|Any CPU.Build.0 = Debug|Any CPU
		{9439EF0B-A240-4034-B40D-61228E49B184}.Release|Any CPU.ActiveCfg = Release|Any CPU
		{9439EF0B-A240-4034-B40D-61228E49B184}.Release|Any CPU.Build.0 = Release|Any CPU
		{7BAB5655-E240-4629-9E78-ED2CF1747222}.Debug|Any CPU.ActiveCfg = Debug|Any CPU
		{7BAB5655-E240-4629-9E78-ED2CF1747222}.Debug|Any CPU.Build.0 = Debug|Any CPU
		{7BAB5655-E240-4629-9E78-ED2CF1747222}.Release|Any CPU.ActiveCfg = Release|Any CPU
		{7BAB5655-E240-4629-9E78-ED2CF1747222}.Release|Any CPU.Build.0 = Release|Any CPU
		{E999837E-1E77-49D8-A50F-E578CB8E4672}.Debug|Any CPU.ActiveCfg = Debug|Any CPU
		{E999837E-1E77-49D8-A50F-E578CB8E4672}.Debug|Any CPU.Build.0 = Debug|Any CPU
		{E999837E-1E77-49D8-A50F-E578CB8E4672}.Release|Any CPU.ActiveCfg = Release|Any CPU
		{E999837E-1E77-49D8-A50F-E578CB8E4672}.Release|Any CPU.Build.0 = Release|Any CPU
		{FC46FC4C-A95B-484F-B1E2-AE2330B1ADE1}.Debug|Any CPU.ActiveCfg = Debug|Any CPU
		{FC46FC4C-A95B-484F-B1E2-AE2330B1ADE1}.Debug|Any CPU.Build.0 = Debug|Any CPU
		{FC46FC4C-A95B-484F-B1E2-AE2330B1ADE1}.Release|Any CPU.ActiveCfg = Release|Any CPU
		{FC46FC4C-A95B-484F-B1E2-AE2330B1ADE1}.Release|Any CPU.Build.0 = Release|Any CPU
	EndGlobalSection
	GlobalSection(SolutionProperties) = preSolution
		HideSolutionNode = FALSE
	EndGlobalSection
	GlobalSection(ExtensibilityGlobals) = postSolution
		SolutionGuid = {2C2C77B5-E423-4F93-ABD1-BD25FAB61EA3}
	EndGlobalSection
EndGlobal
